
Microsoft Visual Studio Solution File, Format Version 12.00
# Visual Studio Version 17
VisualStudioVersion = 17.6.33712.159
MinimumVisualStudioVersion = 10.0.40219.1
Project("{FAE04EC0-301F-11D3-BF4B-00C04F79EFBC}") = "AppOrderWorker", "AppOrderWorker\AppOrderWorker.csproj", "{AFC489E9-6211-4CBA-93A2-DEF143AB0F8C}"
EndProject
Global
	GlobalSection(SolutionConfigurationPlatforms) = preSolution
		Debug|Any CPU = Debug|Any CPU
		Release|Any CPU = Release|Any CPU
	EndGlobalSection
	GlobalSection(ProjectConfigurationPlatforms) = postSolution
		{AFC489E9-6211-4CBA-93A2-DEF143AB0F8C}.Debug|Any CPU.ActiveCfg = Debug|Any CPU
		{AFC489E9-6211-4CBA-93A2-DEF143AB0F8C}.Debug|Any CPU.Build.0 = Debug|Any CPU
		{AFC489E9-6211-4CBA-93A2-DEF143AB0F8C}.Release|Any CPU.ActiveCfg = Release|Any CPU
		{AFC489E9-6211-4CBA-93A2-DEF143AB0F8C}.Release|Any CPU.Build.0 = Release|Any CPU
	EndGlobalSection
	GlobalSection(SolutionProperties) = preSolution
		HideSolutionNode = FALSE
	EndGlobalSection
	GlobalSection(ExtensibilityGlobals) = postSolution
		SolutionGuid = {ADF57799-869A-4877-92A3-DF9E0AF322D6}
	EndGlobalSection
EndGlobal
