
Microsoft Visual Studio Solution File, Format Version 12.00
# Visual Studio Version 17
VisualStudioVersion = 17.6.33712.159
MinimumVisualStudioVersion = 10.0.40219.1
Project("{FAE04EC0-301F-11D3-BF4B-00C04F79EFBC}") = "WebAppOrder", "WebAppOrder\WebAppOrder.csproj", "{0C7F36B2-688A-4661-BC01-968391B82E01}"
EndProject
Global
	GlobalSection(SolutionConfigurationPlatforms) = preSolution
		Debug|Any CPU = Debug|Any CPU
		Release|Any CPU = Release|Any CPU
	EndGlobalSection
	GlobalSection(ProjectConfigurationPlatforms) = postSolution
		{0C7F36B2-688A-4661-BC01-968391B82E01}.Debug|Any CPU.ActiveCfg = Debug|Any CPU
		{0C7F36B2-688A-4661-BC01-968391B82E01}.Debug|Any CPU.Build.0 = Debug|Any CPU
		{0C7F36B2-688A-4661-BC01-968391B82E01}.Release|Any CPU.ActiveCfg = Release|Any CPU
		{0C7F36B2-688A-4661-BC01-968391B82E01}.Release|Any CPU.Build.0 = Release|Any CPU
	EndGlobalSection
	GlobalSection(SolutionProperties) = preSolution
		HideSolutionNode = FALSE
	EndGlobalSection
	GlobalSection(ExtensibilityGlobals) = postSolution
		SolutionGuid = {063C21E8-9B8C-4ABB-B99E-02D528AB05EE}
	EndGlobalSection
EndGlobal
